
Microsoft Visual Studio Solution File, Format Version 12.00
# Visual Studio Version 16
VisualStudioVersion = 16.0.30225.117
MinimumVisualStudioVersion = 10.0.40219.1
Project("{FAE04EC0-301F-11D3-BF4B-00C04F79EFBC}") = "Parcial_SebastianGomez", "Parcial_SebastianGomez.csproj", "{6E8CD31E-78BC-4059-82AA-8252464BEE43}"
EndProject
Global
	GlobalSection(SolutionConfigurationPlatforms) = preSolution
		Debug|Any CPU = Debug|Any CPU
		Release|Any CPU = Release|Any CPU
	EndGlobalSection
	GlobalSection(ProjectConfigurationPlatforms) = postSolution
		{6E8CD31E-78BC-4059-82AA-8252464BEE43}.Debug|Any CPU.ActiveCfg = Debug|Any CPU
		{6E8CD31E-78BC-4059-82AA-8252464BEE43}.Debug|Any CPU.Build.0 = Debug|Any CPU
		{6E8CD31E-78BC-4059-82AA-8252464BEE43}.Release|Any CPU.ActiveCfg = Release|Any CPU
		{6E8CD31E-78BC-4059-82AA-8252464BEE43}.Release|Any CPU.Build.0 = Release|Any CPU
	EndGlobalSection
	GlobalSection(SolutionProperties) = preSolution
		HideSolutionNode = FALSE
	EndGlobalSection
	GlobalSection(ExtensibilityGlobals) = postSolution
		SolutionGuid = {F8341699-94A2-4147-9CF8-FB3C7FB323C7}
	EndGlobalSection
EndGlobal
